
Microsoft Visual Studio Solution File, Format Version 12.00
# Visual Studio Version 17
VisualStudioVersion = 17.10.34916.146
MinimumVisualStudioVersion = 10.0.40219.1
Project("{FAE04EC0-301F-11D3-BF4B-00C04F79EFBC}") = "Models", "Models\Models.csproj", "{6B8A3561-072A-4B84-823B-95BEC4B958CC}"
EndProject
Project("{FAE04EC0-301F-11D3-BF4B-00C04F79EFBC}") = "APIDoubts", "APIDoubts\APIDoubts.csproj", "{D4532988-1F78-456C-9CB5-7E3D3A34A0EC}"
EndProject
Project("{FAE04EC0-301F-11D3-BF4B-00C04F79EFBC}") = "APIOpportunities", "APIOpportunities\APIOpportunities.csproj", "{55D88401-2513-4F00-AFFB-14DE62FCB833}"
EndProject
Global
	GlobalSection(SolutionConfigurationPlatforms) = preSolution
		Debug|Any CPU = Debug|Any CPU
		Release|Any CPU = Release|Any CPU
	EndGlobalSection
	GlobalSection(ProjectConfigurationPlatforms) = postSolution
		{6B8A3561-072A-4B84-823B-95BEC4B958CC}.Debug|Any CPU.ActiveCfg = Debug|Any CPU
		{6B8A3561-072A-4B84-823B-95BEC4B958CC}.Debug|Any CPU.Build.0 = Debug|Any CPU
		{6B8A3561-072A-4B84-823B-95BEC4B958CC}.Release|Any CPU.ActiveCfg = Release|Any CPU
		{6B8A3561-072A-4B84-823B-95BEC4B958CC}.Release|Any CPU.Build.0 = Release|Any CPU
		{D4532988-1F78-456C-9CB5-7E3D3A34A0EC}.Debug|Any CPU.ActiveCfg = Debug|Any CPU
		{D4532988-1F78-456C-9CB5-7E3D3A34A0EC}.Debug|Any CPU.Build.0 = Debug|Any CPU
		{D4532988-1F78-456C-9CB5-7E3D3A34A0EC}.Release|Any CPU.ActiveCfg = Release|Any CPU
		{D4532988-1F78-456C-9CB5-7E3D3A34A0EC}.Release|Any CPU.Build.0 = Release|Any CPU
		{55D88401-2513-4F00-AFFB-14DE62FCB833}.Debug|Any CPU.ActiveCfg = Debug|Any CPU
		{55D88401-2513-4F00-AFFB-14DE62FCB833}.Debug|Any CPU.Build.0 = Debug|Any CPU
		{55D88401-2513-4F00-AFFB-14DE62FCB833}.Release|Any CPU.ActiveCfg = Release|Any CPU
		{55D88401-2513-4F00-AFFB-14DE62FCB833}.Release|Any CPU.Build.0 = Release|Any CPU
	EndGlobalSection
	GlobalSection(SolutionProperties) = preSolution
		HideSolutionNode = FALSE
	EndGlobalSection
	GlobalSection(ExtensibilityGlobals) = postSolution
		SolutionGuid = {38B9B742-0C24-4703-919D-ECD753C15974}
	EndGlobalSection
EndGlobal
